
Microsoft Visual Studio Solution File, Format Version 12.00
# Visual Studio Version 17
VisualStudioVersion = 17.0.31903.59
MinimumVisualStudioVersion = 10.0.40219.1
Project("{2150E333-8FDC-42A3-9474-1A3956D46DE8}") = "src", "src", "{827E0CD3-B72D-47B6-A68D-7590B98EB39B}"
EndProject
Project("{FAE04EC0-301F-11D3-BF4B-00C04F79EFBC}") = "Gloam.Core", "src\Gloam.Core\Gloam.Core.csproj", "{C4223141-FEF2-411E-9B61-A4982ED15F84}"
EndProject
Project("{FAE04EC0-301F-11D3-BF4B-00C04F79EFBC}") = "Gloam.Data", "src\Gloam.Data\Gloam.Data.csproj", "{B3CB9991-592A-453B-980C-81BA5AD2AAB3}"
EndProject
Project("{FAE04EC0-301F-11D3-BF4B-00C04F79EFBC}") = "Gloam.Runtime", "src\Gloam.Runtime\Gloam.Runtime.csproj", "{7FD8916C-304C-4E08-AE77-B06BBDCAB69E}"
EndProject
Project("{FAE04EC0-301F-11D3-BF4B-00C04F79EFBC}") = "Gloam.Cli", "tools\Gloam.Cli\Gloam.Cli.csproj", "{8ED77B09-1FD3-4A4C-BC86-E6470C921C56}"
EndProject
Project("{FAE04EC0-301F-11D3-BF4B-00C04F79EFBC}") = "Gloam.Tests", "tests\Gloam.Tests\Gloam.Tests.csproj", "{D49A0249-CC8D-4ED6-BD5C-FDF3B3B6BF0E}"
EndProject
Global
	GlobalSection(SolutionConfigurationPlatforms) = preSolution
		Debug|Any CPU = Debug|Any CPU
		Debug|x64 = Debug|x64
		Debug|x86 = Debug|x86
		Release|Any CPU = Release|Any CPU
		Release|x64 = Release|x64
		Release|x86 = Release|x86
	EndGlobalSection
	GlobalSection(ProjectConfigurationPlatforms) = postSolution
		{C4223141-FEF2-411E-9B61-A4982ED15F84}.Debug|Any CPU.ActiveCfg = Debug|Any CPU
		{C4223141-FEF2-411E-9B61-A4982ED15F84}.Debug|Any CPU.Build.0 = Debug|Any CPU
		{C4223141-FEF2-411E-9B61-A4982ED15F84}.Debug|x64.ActiveCfg = Debug|Any CPU
		{C4223141-FEF2-411E-9B61-A4982ED15F84}.Debug|x64.Build.0 = Debug|Any CPU
		{C4223141-FEF2-411E-9B61-A4982ED15F84}.Debug|x86.ActiveCfg = Debug|Any CPU
		{C4223141-FEF2-411E-9B61-A4982ED15F84}.Debug|x86.Build.0 = Debug|Any CPU
		{C4223141-FEF2-411E-9B61-A4982ED15F84}.Release|Any CPU.ActiveCfg = Release|Any CPU
		{C4223141-FEF2-411E-9B61-A4982ED15F84}.Release|Any CPU.Build.0 = Release|Any CPU
		{C4223141-FEF2-411E-9B61-A4982ED15F84}.Release|x64.ActiveCfg = Release|Any CPU
		{C4223141-FEF2-411E-9B61-A4982ED15F84}.Release|x64.Build.0 = Release|Any CPU
		{C4223141-FEF2-411E-9B61-A4982ED15F84}.Release|x86.ActiveCfg = Release|Any CPU
		{C4223141-FEF2-411E-9B61-A4982ED15F84}.Release|x86.Build.0 = Release|Any CPU
		{B3CB9991-592A-453B-980C-81BA5AD2AAB3}.Debug|Any CPU.ActiveCfg = Debug|Any CPU
		{B3CB9991-592A-453B-980C-81BA5AD2AAB3}.Debug|Any CPU.Build.0 = Debug|Any CPU
		{B3CB9991-592A-453B-980C-81BA5AD2AAB3}.Debug|x64.ActiveCfg = Debug|Any CPU
		{B3CB9991-592A-453B-980C-81BA5AD2AAB3}.Debug|x64.Build.0 = Debug|Any CPU
		{B3CB9991-592A-453B-980C-81BA5AD2AAB3}.Debug|x86.ActiveCfg = Debug|Any CPU
		{B3CB9991-592A-453B-980C-81BA5AD2AAB3}.Debug|x86.Build.0 = Debug|Any CPU
		{B3CB9991-592A-453B-980C-81BA5AD2AAB3}.Release|Any CPU.ActiveCfg = Release|Any CPU
		{B3CB9991-592A-453B-980C-81BA5AD2AAB3}.Release|Any CPU.Build.0 = Release|Any CPU
		{B3CB9991-592A-453B-980C-81BA5AD2AAB3}.Release|x64.ActiveCfg = Release|Any CPU
		{B3CB9991-592A-453B-980C-81BA5AD2AAB3}.Release|x64.Build.0 = Release|Any CPU
		{B3CB9991-592A-453B-980C-81BA5AD2AAB3}.Release|x86.ActiveCfg = Release|Any CPU
		{B3CB9991-592A-453B-980C-81BA5AD2AAB3}.Release|x86.Build.0 = Release|Any CPU
		{7FD8916C-304C-4E08-AE77-B06BBDCAB69E}.Debug|Any CPU.ActiveCfg = Debug|Any CPU
		{7FD8916C-304C-4E08-AE77-B06BBDCAB69E}.Debug|Any CPU.Build.0 = Debug|Any CPU
		{7FD8916C-304C-4E08-AE77-B06BBDCAB69E}.Debug|x64.ActiveCfg = Debug|Any CPU
		{7FD8916C-304C-4E08-AE77-B06BBDCAB69E}.Debug|x64.Build.0 = Debug|Any CPU
		{7FD8916C-304C-4E08-AE77-B06BBDCAB69E}.Debug|x86.ActiveCfg = Debug|Any CPU
		{7FD8916C-304C-4E08-AE77-B06BBDCAB69E}.Debug|x86.Build.0 = Debug|Any CPU
		{7FD8916C-304C-4E08-AE77-B06BBDCAB69E}.Release|Any CPU.ActiveCfg = Release|Any CPU
		{7FD8916C-304C-4E08-AE77-B06BBDCAB69E}.Release|Any CPU.Build.0 = Release|Any CPU
		{7FD8916C-304C-4E08-AE77-B06BBDCAB69E}.Release|x64.ActiveCfg = Release|Any CPU
		{7FD8916C-304C-4E08-AE77-B06BBDCAB69E}.Release|x64.Build.0 = Release|Any CPU
		{7FD8916C-304C-4E08-AE77-B06BBDCAB69E}.Release|x86.ActiveCfg = Release|Any CPU
		{7FD8916C-304C-4E08-AE77-B06BBDCAB69E}.Release|x86.Build.0 = Release|Any CPU
		{8ED77B09-1FD3-4A4C-BC86-E6470C921C56}.Debug|Any CPU.ActiveCfg = Debug|Any CPU
		{8ED77B09-1FD3-4A4C-BC86-E6470C921C56}.Debug|Any CPU.Build.0 = Debug|Any CPU
		{8ED77B09-1FD3-4A4C-BC86-E6470C921C56}.Debug|x64.ActiveCfg = Debug|Any CPU
		{8ED77B09-1FD3-4A4C-BC86-E6470C921C56}.Debug|x64.Build.0 = Debug|Any CPU
		{8ED77B09-1FD3-4A4C-BC86-E6470C921C56}.Debug|x86.ActiveCfg = Debug|Any CPU
		{8ED77B09-1FD3-4A4C-BC86-E6470C921C56}.Debug|x86.Build.0 = Debug|Any CPU
		{8ED77B09-1FD3-4A4C-BC86-E6470C921C56}.Release|Any CPU.ActiveCfg = Release|Any CPU
		{8ED77B09-1FD3-4A4C-BC86-E6470C921C56}.Release|Any CPU.Build.0 = Release|Any CPU
		{8ED77B09-1FD3-4A4C-BC86-E6470C921C56}.Release|x64.ActiveCfg = Release|Any CPU
		{8ED77B09-1FD3-4A4C-BC86-E6470C921C56}.Release|x64.Build.0 = Release|Any CPU
		{8ED77B09-1FD3-4A4C-BC86-E6470C921C56}.Release|x86.ActiveCfg = Release|Any CPU
		{8ED77B09-1FD3-4A4C-BC86-E6470C921C56}.Release|x86.Build.0 = Release|Any CPU
		{D49A0249-CC8D-4ED6-BD5C-FDF3B3B6BF0E}.Debug|Any CPU.ActiveCfg = Debug|Any CPU
		{D49A0249-CC8D-4ED6-BD5C-FDF3B3B6BF0E}.Debug|Any CPU.Build.0 = Debug|Any CPU
		{D49A0249-CC8D-4ED6-BD5C-FDF3B3B6BF0E}.Debug|x64.ActiveCfg = Debug|Any CPU
		{D49A0249-CC8D-4ED6-BD5C-FDF3B3B6BF0E}.Debug|x64.Build.0 = Debug|Any CPU
		{D49A0249-CC8D-4ED6-BD5C-FDF3B3B6BF0E}.Debug|x86.ActiveCfg = Debug|Any CPU
		{D49A0249-CC8D-4ED6-BD5C-FDF3B3B6BF0E}.Debug|x86.Build.0 = Debug|Any CPU
		{D49A0249-CC8D-4ED6-BD5C-FDF3B3B6BF0E}.Release|Any CPU.ActiveCfg = Release|Any CPU
		{D49A0249-CC8D-4ED6-BD5C-FDF3B3B6BF0E}.Release|Any CPU.Build.0 = Release|Any CPU
		{D49A0249-CC8D-4ED6-BD5C-FDF3B3B6BF0E}.Release|x64.ActiveCfg = Release|Any CPU
		{D49A0249-CC8D-4ED6-BD5C-FDF3B3B6BF0E}.Release|x64.Build.0 = Release|Any CPU
		{D49A0249-CC8D-4ED6-BD5C-FDF3B3B6BF0E}.Release|x86.ActiveCfg = Release|Any CPU
		{D49A0249-CC8D-4ED6-BD5C-FDF3B3B6BF0E}.Release|x86.Build.0 = Release|Any CPU
	EndGlobalSection
	GlobalSection(SolutionProperties) = preSolution
		HideSolutionNode = FALSE
	EndGlobalSection
	GlobalSection(NestedProjects) = preSolution
		{C4223141-FEF2-411E-9B61-A4982ED15F84} = {827E0CD3-B72D-47B6-A68D-7590B98EB39B}
		{B3CB9991-592A-453B-980C-81BA5AD2AAB3} = {827E0CD3-B72D-47B6-A68D-7590B98EB39B}
		{7FD8916C-304C-4E08-AE77-B06BBDCAB69E} = {827E0CD3-B72D-47B6-A68D-7590B98EB39B}
		{8ED77B09-1FD3-4A4C-BC86-E6470C921C56} = {827E0CD3-B72D-47B6-A68D-7590B98EB39B}
		{D49A0249-CC8D-4ED6-BD5C-FDF3B3B6BF0E} = {827E0CD3-B72D-47B6-A68D-7590B98EB39B}
	EndGlobalSection
EndGlobal
